// !$*UTF8*$!
{
	archiveVersion = 1;
	classes = {
	};
	objectVersion = 46;
	objects = {

/* Begin PBXBuildFile section */
		6B3F72B61DC108EA005F04CE /* Twitter.h in Headers */ = {isa = PBXBuildFile; fileRef = 6B3F72B51DC108EA005F04CE /* Twitter.h */; settings = {ATTRIBUTES = (Public, ); }; };
		6B3F72C11DC1092D005F04CE /* MediaItem.swift in Sources */ = {isa = PBXBuildFile; fileRef = 6B3F72BD1DC1092D005F04CE /* MediaItem.swift */; };
		6B3F72C21DC1092D005F04CE /* Tweet.swift in Sources */ = {isa = PBXBuildFile; fileRef = 6B3F72BE1DC1092D005F04CE /* Tweet.swift */; };
		6B3F72C31DC1092D005F04CE /* TwitterRequest.swift in Sources */ = {isa = PBXBuildFile; fileRef = 6B3F72BF1DC1092D005F04CE /* TwitterRequest.swift */; };
		6B3F72C41DC1092D005F04CE /* User.swift in Sources */ = {isa = PBXBuildFile; fileRef = 6B3F72C01DC1092D005F04CE /* User.swift */; };
/* End PBXBuildFile section */

/* Begin PBXFileReference section */
		6B3F72B21DC108E9005F04CE /* Twitter.framework */ = {isa = PBXFileReference; explicitFileType = wrapper.framework; includeInIndex = 0; path = Twitter.framework; sourceTree = BUILT_PRODUCTS_DIR; };
		6B3F72B51DC108EA005F04CE /* Twitter.h */ = {isa = PBXFileReference; lastKnownFileType = sourcecode.c.h; path = Twitter.h; sourceTree = "<group>"; };
		6B3F72B71DC108EA005F04CE /* Info.plist */ = {isa = PBXFileReference; lastKnownFileType = text.plist.xml; path = Info.plist; sourceTree = "<group>"; };
		6B3F72BD1DC1092D005F04CE /* MediaItem.swift */ = {isa = PBXFileReference; fileEncoding = 4; lastKnownFileType = sourcecode.swift; path = MediaItem.swift; sourceTree = "<group>"; };
		6B3F72BE1DC1092D005F04CE /* Tweet.swift */ = {isa = PBXFileReference; fileEncoding = 4; lastKnownFileType = sourcecode.swift; path = Tweet.swift; sourceTree = "<group>"; };
		6B3F72BF1DC1092D005F04CE /* TwitterRequest.swift */ = {isa = PBXFileReference; fileEncoding = 4; lastKnownFileType = sourcecode.swift; path = TwitterRequest.swift; sourceTree = "<group>"; };
		6B3F72C01DC1092D005F04CE /* User.swift */ = {isa = PBXFileReference; fileEncoding = 4; lastKnownFileType = sourcecode.swift; path = User.swift; sourceTree = "<group>"; };
/* End PBXFileReference section */

/* Begin PBXFrameworksBuildPhase section */
		6B3F72AE1DC108E9005F04CE /* Frameworks */ = {
			isa = PBXFrameworksBuildPhase;
			buildActionMask = 2147483647;
			files = (
			);
			runOnlyForDeploymentPostprocessing = 0;
		};
/* End PBXFrameworksBuildPhase section */

/* Begin PBXGroup section */
		6B3F72A81DC108E9005F04CE = {
			isa = PBXGroup;
			children = (
				6B3F72B41DC108EA005F04CE /* Twitter */,
				6B3F72B31DC108E9005F04CE /* Products */,
			);
			sourceTree = "<group>";
		};
		6B3F72B31DC108E9005F04CE /* Products */ = {
			isa = PBXGroup;
			children = (
				6B3F72B21DC108E9005F04CE /* Twitter.framework */,
			);
			name = Products;
			sourceTree = "<group>";
		};
		6B3F72B41DC108EA005F04CE /* Twitter */ = {
			isa = PBXGroup;
			children = (
				6B3F72BD1DC1092D005F04CE /* MediaItem.swift */,
				6B3F72BE1DC1092D005F04CE /* Tweet.swift */,
				6B3F72BF1DC1092D005F04CE /* TwitterRequest.swift */,
				6B3F72C01DC1092D005F04CE /* User.swift */,
				6B3F72B51DC108EA005F04CE /* Twitter.h */,
				6B3F72B71DC108EA005F04CE /* Info.plist */,
			);
			path = Twitter;
			sourceTree = "<group>";
		};
/* End PBXGroup section */

/* Begin PBXHeadersBuildPhase section */
		6B3F72AF1DC108E9005F04CE /* Headers */ = {
			isa = PBXHeadersBuildPhase;
			buildActionMask = 2147483647;
			files = (
				6B3F72B61DC108EA005F04CE /* Twitter.h in Headers */,
			);
			runOnlyForDeploymentPostprocessing = 0;
		};
/* End PBXHeadersBuildPhase section */

/* Begin PBXNativeTarget section */
		6B3F72B11DC108E9005F04CE /* Twitter */ = {
			isa = PBXNativeTarget;
			buildConfigurationList = 6B3F72BA1DC108EA005F04CE /* Build configuration list for PBXNativeTarget "Twitter" */;
			buildPhases = (
				6B3F72AD1DC108E9005F04CE /* Sources */,
				6B3F72AE1DC108E9005F04CE /* Frameworks */,
				6B3F72AF1DC108E9005F04CE /* Headers */,
				6B3F72B01DC108E9005F04CE /* Resources */,
			);
			buildRules = (
			);
			dependencies = (
			);
			name = Twitter;
			productName = Twitter;
			productReference = 6B3F72B21DC108E9005F04CE /* Twitter.framework */;
			productType = "com.apple.product-type.framework";
		};
/* End PBXNativeTarget section */

/* Begin PBXProject section */
		6B3F72A91DC108E9005F04CE /* Project object */ = {
			isa = PBXProject;
			attributes = {
				LastUpgradeCheck = 0730;
				ORGANIZATIONNAME = Mehuls;
				TargetAttributes = {
					6B3F72B11DC108E9005F04CE = {
						CreatedOnToolsVersion = 7.3;
					};
				};
			};
			buildConfigurationList = 6B3F72AC1DC108E9005F04CE /* Build configuration list for PBXProject "Twitter" */;
			compatibilityVersion = "Xcode 3.2";
			developmentRegion = English;
			hasScannedForEncodings = 0;
			knownRegions = (
				en,
			);
			mainGroup = 6B3F72A81DC108E9005F04CE;
			productRefGroup = 6B3F72B31DC108E9005F04CE /* Products */;
			projectDirPath = "";
			projectRoot = "";
			targets = (
				6B3F72B11DC108E9005F04CE /* Twitter */,
			);
		};
/* End PBXProject section */

/* Begin PBXResourcesBuildPhase section */
		6B3F72B01DC108E9005F04CE /* Resources */ = {
			isa = PBXResourcesBuildPhase;
			buildActionMask = 2147483647;
			files = (
			);
			runOnlyForDeploymentPostprocessing = 0;
		};
/* End PBXResourcesBuildPhase section */

/* Begin PBXSourcesBuildPhase section */
		6B3F72AD1DC108E9005F04CE /* Sources */ = {
			isa = PBXSourcesBuildPhase;
			buildActionMask = 2147483647;
			files = (
				6B3F72C41DC1092D005F04CE /* User.swift in Sources */,
				6B3F72C11DC1092D005F04CE /* MediaItem.swift in Sources */,
				6B3F72C21DC1092D005F04CE /* Tweet.swift in Sources */,
				6B3F72C31DC1092D005F04CE /* TwitterRequest.swift in Sources */,
			);
			runOnlyForDeploymentPostprocessing = 0;
		};
/* End PBXSourcesBuildPhase section */

/* Begin XCBuildConfiguration section */
		6B3F72B81DC108EA005F04CE /* Debug */ = {
			isa = XCBuildConfiguration;
			buildSettings = {
				ALWAYS_SEARCH_USER_PATHS = NO;
				CLANG_ANALYZER_NONNULL = YES;
				CLANG_CXX_LANGUAGE_STANDARD = "gnu++0x";
				CLANG_CXX_LIBRARY = "libc++";
				CLANG_ENABLE_MODULES = YES;
				CLANG_ENABLE_OBJC_ARC = YES;
				CLANG_WARN_BOOL_CONVERSION = YES;
				CLANG_WARN_CONSTANT_CONVERSION = YES;
				CLANG_WARN_DIRECT_OBJC_ISA_USAGE = YES_ERROR;
				CLANG_WARN_EMPTY_BODY = YES;
				CLANG_WARN_ENUM_CONVERSION = YES;
				CLANG_WARN_INT_CONVERSION = YES;
				CLANG_WARN_OBJC_ROOT_CLASS = YES_ERROR;
				CLANG_WARN_UNREACHABLE_CODE = YES;
				CLANG_WARN__DUPLICATE_METHOD_MATCH = YES;
				"CODE_SIGN_IDENTITY[sdk=iphoneos*]" = "iPhone Developer";
				COPY_PHASE_STRIP = NO;
				CURRENT_PROJECT_VERSION = 1;
				DEBUG_INFORMATION_FORMAT = dwarf;
				ENABLE_STRICT_OBJC_MSGSEND = YES;
				ENABLE_TESTABILITY = YES;
				GCC_C_LANGUAGE_STANDARD = gnu99;
				GCC_DYNAMIC_NO_PIC = NO;
				GCC_NO_COMMON_BLOCKS = YES;
				GCC_OPTIMIZATION_LEVEL = 0;
				GCC_PREPROCESSOR_DEFINITIONS = (
					"DEBUG=1",
					"$(inherited)",
				);
				GCC_WARN_64_TO_32_BIT_CONVERSION = YES;
				GCC_WARN_ABOUT_RETURN_TYPE = YES_ERROR;
				GCC_WARN_UNDECLARED_SELECTOR = YES;
				GCC_WARN_UNINITIALIZED_AUTOS = YES_AGGRESSIVE;
				GCC_WARN_UNUSED_FUNCTION = YES;
				GCC_WARN_UNUSED_VARIABLE = YES;
				IPHONEOS_DEPLOYMENT_TARGET = 9.3;
				MTL_ENABLE_DEBUG_INFO = YES;
				ONLY_ACTIVE_ARCH = YES;
				SDKROOT = iphoneos;
				SWIFT_OPTIMIZATION_LEVEL = "-Onone";
				TARGETED_DEVICE_FAMILY = "1,2";
				VERSIONING_SYSTEM = "apple-generic";
				VERSION_INFO_PREFIX = "";
			};
			name = Debug;
		};
		6B3F72B91DC108EA005F04CE /* Release */ = {
			isa = XCBuildConfiguration;
			buildSettings = {
				ALWAYS_SEARCH_USER_PATHS = NO;
				CLANG_ANALYZER_NONNULL = YES;
				CLANG_CXX_LANGUAGE_STANDARD = "gnu++0x";
				CLANG_CXX_LIBRARY = "libc++";
				CLANG_ENABLE_MODULES = YES;
				CLANG_ENABLE_OBJC_ARC = YES;
				CLANG_WARN_BOOL_CONVERSION = YES;
				CLANG_WARN_CONSTANT_CONVERSION = YES;
				CLANG_WARN_DIRECT_OBJC_ISA_USAGE = YES_ERROR;
				CLANG_WARN_EMPTY_BODY = YES;
				CLANG_WARN_ENUM_CONVERSION = YES;
				CLANG_WARN_INT_CONVERSION = YES;
				CLANG_WARN_OBJC_ROOT_CLASS = YES_ERROR;
				CLANG_WARN_UNREACHABLE_CODE = YES;
				CLANG_WARN__DUPLICATE_METHOD_MATCH = YES;
				"CODE_SIGN_IDENTITY[sdk=iphoneos*]" = "iPhone Developer";
				COPY_PHASE_STRIP = NO;
				CURRENT_PROJECT_VERSION = 1;
				DEBUG_INFORMATION_FORMAT = "dwarf-with-dsym";
				ENABLE_NS_ASSERTIONS = NO;
				ENABLE_STRICT_OBJC_MSGSEND = YES;
				GCC_C_LANGUAGE_STANDARD = gnu99;
				GCC_NO_COMMON_BLOCKS = YES;
				GCC_WARN_64_TO_32_BIT_CONVERSION = YES;
				GCC_WARN_ABOUT_RETURN_TYPE = YES_ERROR;
				GCC_WARN_UNDECLARED_SELECTOR = YES;
				GCC_WARN_UNINITIALIZED_AUTOS = YES_AGGRESSIVE;
				GCC_WARN_UNUSED_FUNCTION = YES;
				GCC_WARN_UNUSED_VARIABLE = YES;
				IPHONEOS_DEPLOYMENT_TARGET = 9.3;
				MTL_ENABLE_DEBUG_INFO = NO;
				SDKROOT = iphoneos;
				TARGETED_DEVICE_FAMILY = "1,2";
				VALIDATE_PRODUCT = YES;
				VERSIONING_SYSTEM = "apple-generic";
				VERSION_INFO_PREFIX = "";
			};
			name = Release;
		};
		6B3F72BB1DC108EA005F04CE /* Debug */ = {
			isa = XCBuildConfiguration;
			buildSettings = {
				CLANG_ENABLE_MODULES = YES;
				DEFINES_MODULE = YES;
				DYLIB_COMPATIBILITY_VERSION = 1;
				DYLIB_CURRENT_VERSION = 1;
				DYLIB_INSTALL_NAME_BASE = "@rpath";
				INFOPLIST_FILE = Twitter/Info.plist;
				INSTALL_PATH = "$(LOCAL_LIBRARY_DIR)/Frameworks";
				LD_RUNPATH_SEARCH_PATHS = "$(inherited) @executable_path/Frameworks @loader_path/Frameworks";
				PRODUCT_BUNDLE_IDENTIFIER = Mehul.Twitter;
				PRODUCT_NAME = "$(TARGET_NAME)";
				SKIP_INSTALL = YES;
				SWIFT_OPTIMIZATION_LEVEL = "-Onone";
			};
			name = Debug;
		};
		6B3F72BC1DC108EA005F04CE /* Release */ = {
			isa = XCBuildConfiguration;
			buildSettings = {
				CLANG_ENABLE_MODULES = YES;
				DEFINES_MODULE = YES;
				DYLIB_COMPATIBILITY_VERSION = 1;
				DYLIB_CURRENT_VERSION = 1;
				DYLIB_INSTALL_NAME_BASE = "@rpath";
				INFOPLIST_FILE = Twitter/Info.plist;
				INSTALL_PATH = "$(LOCAL_LIBRARY_DIR)/Frameworks";
				LD_RUNPATH_SEARCH_PATHS = "$(inherited) @executable_path/Frameworks @loader_path/Frameworks";
				PRODUCT_BUNDLE_IDENTIFIER = Mehul.Twitter;
				PRODUCT_NAME = "$(TARGET_NAME)";
				SKIP_INSTALL = YES;
			};
			name = Release;
		};
/* End XCBuildConfiguration section */

/* Begin XCConfigurationList section */
		6B3F72AC1DC108E9005F04CE /* Build configuration list for PBXProject "Twitter" */ = {
			isa = XCConfigurationList;
			buildConfigurations = (
				6B3F72B81DC108EA005F04CE /* Debug */,
				6B3F72B91DC108EA005F04CE /* Release */,
			);
			defaultConfigurationIsVisible = 0;
			defaultConfigurationName = Release;
		};
		6B3F72BA1DC108EA005F04CE /* Build configuration list for PBXNativeTarget "Twitter" */ = {
			isa = XCConfigurationList;
			buildConfigurations = (
				6B3F72BB1DC108EA005F04CE /* Debug */,
				6B3F72BC1DC108EA005F04CE /* Release */,
			);
			defaultConfigurationIsVisible = 0;
		};
/* End XCConfigurationList section */
	};
	rootObject = 6B3F72A91DC108E9005F04CE /* Project object */;
}
